Microsoft Visual Studio Solution File, Format Version 12.00
# Visual Studio 14
Project("{8BC9CEB8-8B4A-11D0-8D11-00A0C91BC942}") = "ALL_BUILD", "ALL_BUILD.vcxproj", "{D30096F5-489F-3A43-9E22-2CBE0AD94E36}"
	ProjectSection(ProjectDependencies) = postProject
		{3475202C-CBCE-368D-8C78-95E1D9C630A7} = {3475202C-CBCE-368D-8C78-95E1D9C630A7}
		{BDDBD2B3-743B-3139-B0A7-889E380B3485} = {BDDBD2B3-743B-3139-B0A7-889E380B3485}
		{0CB76B72-1C58-3FA3-AE1E-5D4BC6C05A0C} = {0CB76B72-1C58-3FA3-AE1E-5D4BC6C05A0C}
		{2D205932-B982-3F49-8516-2E131A2CDB22} = {2D205932-B982-3F49-8516-2E131A2CDB22}
		{ED5839EB-6B35-384E-A2B7-10C336B5B553} = {ED5839EB-6B35-384E-A2B7-10C336B5B553}
		{0AB849D9-4341-320D-81F5-7AAA5784A742} = {0AB849D9-4341-320D-81F5-7AAA5784A742}
		{0F7971D4-8135-330F-BF13-C29C8A0F470D} = {0F7971D4-8135-330F-BF13-C29C8A0F470D}
		{7A411528-0CDF-31ED-98E2-AD9F41091898} = {7A411528-0CDF-31ED-98E2-AD9F41091898}
		{EF13C187-6056-3483-8885-1A6B6CC54CBA} = {EF13C187-6056-3483-8885-1A6B6CC54CBA}
		{E796E660-3763-3E02-B7D4-9D4BD898991A} = {E796E660-3763-3E02-B7D4-9D4BD898991A}
		{3172811C-9CA1-328B-B287-F9B350A536C0} = {3172811C-9CA1-328B-B287-F9B350A536C0}
		{F8581A43-E287-3AB8-A235-562C60AD9BB8} = {F8581A43-E287-3AB8-A235-562C60AD9BB8}
	EndProjectSection
EndProject
Project("{8BC9CEB8-8B4A-11D0-8D11-00A0C91BC942}") = "Client", "Client\Client.vcxproj", "{3475202C-CBCE-368D-8C78-95E1D9C630A7}"
	ProjectSection(ProjectDependencies) = postProject
		{0AB849D9-4341-320D-81F5-7AAA5784A742} = {0AB849D9-4341-320D-81F5-7AAA5784A742}
		{0F7971D4-8135-330F-BF13-C29C8A0F470D} = {0F7971D4-8135-330F-BF13-C29C8A0F470D}
		{7A411528-0CDF-31ED-98E2-AD9F41091898} = {7A411528-0CDF-31ED-98E2-AD9F41091898}
		{EF13C187-6056-3483-8885-1A6B6CC54CBA} = {EF13C187-6056-3483-8885-1A6B6CC54CBA}
		{F8581A43-E287-3AB8-A235-562C60AD9BB8} = {F8581A43-E287-3AB8-A235-562C60AD9BB8}
	EndProjectSection
EndProject
Project("{8BC9CEB8-8B4A-11D0-8D11-00A0C91BC942}") = "DBServer", "DBServer\DBServer.vcxproj", "{BDDBD2B3-743B-3139-B0A7-889E380B3485}"
	ProjectSection(ProjectDependencies) = postProject
		{0AB849D9-4341-320D-81F5-7AAA5784A742} = {0AB849D9-4341-320D-81F5-7AAA5784A742}
		{0F7971D4-8135-330F-BF13-C29C8A0F470D} = {0F7971D4-8135-330F-BF13-C29C8A0F470D}
		{7A411528-0CDF-31ED-98E2-AD9F41091898} = {7A411528-0CDF-31ED-98E2-AD9F41091898}
		{EF13C187-6056-3483-8885-1A6B6CC54CBA} = {EF13C187-6056-3483-8885-1A6B6CC54CBA}
		{F8581A43-E287-3AB8-A235-562C60AD9BB8} = {F8581A43-E287-3AB8-A235-562C60AD9BB8}
	EndProjectSection
EndProject
Project("{8BC9CEB8-8B4A-11D0-8D11-00A0C91BC942}") = "GameServer", "GameServer\GameServer.vcxproj", "{0CB76B72-1C58-3FA3-AE1E-5D4BC6C05A0C}"
	ProjectSection(ProjectDependencies) = postProject
		{0AB849D9-4341-320D-81F5-7AAA5784A742} = {0AB849D9-4341-320D-81F5-7AAA5784A742}
		{0F7971D4-8135-330F-BF13-C29C8A0F470D} = {0F7971D4-8135-330F-BF13-C29C8A0F470D}
		{7A411528-0CDF-31ED-98E2-AD9F41091898} = {7A411528-0CDF-31ED-98E2-AD9F41091898}
		{EF13C187-6056-3483-8885-1A6B6CC54CBA} = {EF13C187-6056-3483-8885-1A6B6CC54CBA}
		{F8581A43-E287-3AB8-A235-562C60AD9BB8} = {F8581A43-E287-3AB8-A235-562C60AD9BB8}
	EndProjectSection
EndProject
Project("{8BC9CEB8-8B4A-11D0-8D11-00A0C91BC942}") = "GatewayServer", "GatewayServer\GatewayServer.vcxproj", "{2D205932-B982-3F49-8516-2E131A2CDB22}"
	ProjectSection(ProjectDependencies) = postProject
		{0AB849D9-4341-320D-81F5-7AAA5784A742} = {0AB849D9-4341-320D-81F5-7AAA5784A742}
		{0F7971D4-8135-330F-BF13-C29C8A0F470D} = {0F7971D4-8135-330F-BF13-C29C8A0F470D}
		{7A411528-0CDF-31ED-98E2-AD9F41091898} = {7A411528-0CDF-31ED-98E2-AD9F41091898}
		{EF13C187-6056-3483-8885-1A6B6CC54CBA} = {EF13C187-6056-3483-8885-1A6B6CC54CBA}
		{F8581A43-E287-3AB8-A235-562C60AD9BB8} = {F8581A43-E287-3AB8-A235-562C60AD9BB8}
	EndProjectSection
EndProject
Project("{8BC9CEB8-8B4A-11D0-8D11-00A0C91BC942}") = "Include", "Include\Include.vcxproj", "{ED5839EB-6B35-384E-A2B7-10C336B5B553}"
	ProjectSection(ProjectDependencies) = postProject
		{F8581A43-E287-3AB8-A235-562C60AD9BB8} = {F8581A43-E287-3AB8-A235-562C60AD9BB8}
	EndProjectSection
EndProject
Project("{8BC9CEB8-8B4A-11D0-8D11-00A0C91BC942}") = "LIBMysql", "LibNetMysql\LIBMysql.vcxproj", "{0AB849D9-4341-320D-81F5-7AAA5784A742}"
	ProjectSection(ProjectDependencies) = postProject
		{F8581A43-E287-3AB8-A235-562C60AD9BB8} = {F8581A43-E287-3AB8-A235-562C60AD9BB8}
	EndProjectSection
EndProject
Project("{8BC9CEB8-8B4A-11D0-8D11-00A0C91BC942}") = "LIBSocket", "LibNetSocket\LIBSocket.vcxproj", "{0F7971D4-8135-330F-BF13-C29C8A0F470D}"
	ProjectSection(ProjectDependencies) = postProject
		{F8581A43-E287-3AB8-A235-562C60AD9BB8} = {F8581A43-E287-3AB8-A235-562C60AD9BB8}
	EndProjectSection
EndProject
Project("{8BC9CEB8-8B4A-11D0-8D11-00A0C91BC942}") = "LibProtocol", "LibProtocol\LibProtocol.vcxproj", "{7A411528-0CDF-31ED-98E2-AD9F41091898}"
	ProjectSection(ProjectDependencies) = postProject
		{F8581A43-E287-3AB8-A235-562C60AD9BB8} = {F8581A43-E287-3AB8-A235-562C60AD9BB8}
	EndProjectSection
EndProject
Project("{8BC9CEB8-8B4A-11D0-8D11-00A0C91BC942}") = "LibSrvcore", "LibSrvcore\LibSrvcore.vcxproj", "{EF13C187-6056-3483-8885-1A6B6CC54CBA}"
	ProjectSection(ProjectDependencies) = postProject
		{F8581A43-E287-3AB8-A235-562C60AD9BB8} = {F8581A43-E287-3AB8-A235-562C60AD9BB8}
	EndProjectSection
EndProject
Project("{8BC9CEB8-8B4A-11D0-8D11-00A0C91BC942}") = "LoginServer", "LoginServer\LoginServer.vcxproj", "{E796E660-3763-3E02-B7D4-9D4BD898991A}"
	ProjectSection(ProjectDependencies) = postProject
		{0AB849D9-4341-320D-81F5-7AAA5784A742} = {0AB849D9-4341-320D-81F5-7AAA5784A742}
		{0F7971D4-8135-330F-BF13-C29C8A0F470D} = {0F7971D4-8135-330F-BF13-C29C8A0F470D}
		{7A411528-0CDF-31ED-98E2-AD9F41091898} = {7A411528-0CDF-31ED-98E2-AD9F41091898}
		{EF13C187-6056-3483-8885-1A6B6CC54CBA} = {EF13C187-6056-3483-8885-1A6B6CC54CBA}
		{F8581A43-E287-3AB8-A235-562C60AD9BB8} = {F8581A43-E287-3AB8-A235-562C60AD9BB8}
	EndProjectSection
EndProject
Project("{8BC9CEB8-8B4A-11D0-8D11-00A0C91BC942}") = "WorldServer", "WorldServer\WorldServer.vcxproj", "{3172811C-9CA1-328B-B287-F9B350A536C0}"
	ProjectSection(ProjectDependencies) = postProject
		{0AB849D9-4341-320D-81F5-7AAA5784A742} = {0AB849D9-4341-320D-81F5-7AAA5784A742}
		{0F7971D4-8135-330F-BF13-C29C8A0F470D} = {0F7971D4-8135-330F-BF13-C29C8A0F470D}
		{7A411528-0CDF-31ED-98E2-AD9F41091898} = {7A411528-0CDF-31ED-98E2-AD9F41091898}
		{EF13C187-6056-3483-8885-1A6B6CC54CBA} = {EF13C187-6056-3483-8885-1A6B6CC54CBA}
		{F8581A43-E287-3AB8-A235-562C60AD9BB8} = {F8581A43-E287-3AB8-A235-562C60AD9BB8}
	EndProjectSection
EndProject
Project("{8BC9CEB8-8B4A-11D0-8D11-00A0C91BC942}") = "ZERO_CHECK", "ZERO_CHECK.vcxproj", "{F8581A43-E287-3AB8-A235-562C60AD9BB8}"
	ProjectSection(ProjectDependencies) = postProject
	EndProjectSection
EndProject
Global
	GlobalSection(SolutionConfigurationPlatforms) = preSolution
		Debug|x64 = Debug|x64
		Release|x64 = Release|x64
		MinSizeRel|x64 = MinSizeRel|x64
		RelWithDebInfo|x64 = RelWithDebInfo|x64
	EndGlobalSection
	GlobalSection(ProjectConfigurationPlatforms) = postSolution
		{D30096F5-489F-3A43-9E22-2CBE0AD94E36}.Debug|x64.ActiveCfg = Debug|x64
		{D30096F5-489F-3A43-9E22-2CBE0AD94E36}.Release|x64.ActiveCfg = Release|x64
		{D30096F5-489F-3A43-9E22-2CBE0AD94E36}.MinSizeRel|x64.ActiveCfg = MinSizeRel|x64
		{D30096F5-489F-3A43-9E22-2CBE0AD94E36}.RelWithDebInfo|x64.ActiveCfg = RelWithDebInfo|x64
		{3475202C-CBCE-368D-8C78-95E1D9C630A7}.Debug|x64.ActiveCfg = Debug|x64
		{3475202C-CBCE-368D-8C78-95E1D9C630A7}.Debug|x64.Build.0 = Debug|x64
		{3475202C-CBCE-368D-8C78-95E1D9C630A7}.Release|x64.ActiveCfg = Release|x64
		{3475202C-CBCE-368D-8C78-95E1D9C630A7}.Release|x64.Build.0 = Release|x64
		{3475202C-CBCE-368D-8C78-95E1D9C630A7}.MinSizeRel|x64.ActiveCfg = MinSizeRel|x64
		{3475202C-CBCE-368D-8C78-95E1D9C630A7}.MinSizeRel|x64.Build.0 = MinSizeRel|x64
		{3475202C-CBCE-368D-8C78-95E1D9C630A7}.RelWithDebInfo|x64.ActiveCfg = RelWithDebInfo|x64
		{3475202C-CBCE-368D-8C78-95E1D9C630A7}.RelWithDebInfo|x64.Build.0 = RelWithDebInfo|x64
		{BDDBD2B3-743B-3139-B0A7-889E380B3485}.Debug|x64.ActiveCfg = Debug|x64
		{BDDBD2B3-743B-3139-B0A7-889E380B3485}.Debug|x64.Build.0 = Debug|x64
		{BDDBD2B3-743B-3139-B0A7-889E380B3485}.Release|x64.ActiveCfg = Release|x64
		{BDDBD2B3-743B-3139-B0A7-889E380B3485}.Release|x64.Build.0 = Release|x64
		{BDDBD2B3-743B-3139-B0A7-889E380B3485}.MinSizeRel|x64.ActiveCfg = MinSizeRel|x64
		{BDDBD2B3-743B-3139-B0A7-889E380B3485}.MinSizeRel|x64.Build.0 = MinSizeRel|x64
		{BDDBD2B3-743B-3139-B0A7-889E380B3485}.RelWithDebInfo|x64.ActiveCfg = RelWithDebInfo|x64
		{BDDBD2B3-743B-3139-B0A7-889E380B3485}.RelWithDebInfo|x64.Build.0 = RelWithDebInfo|x64
		{0CB76B72-1C58-3FA3-AE1E-5D4BC6C05A0C}.Debug|x64.ActiveCfg = Debug|x64
		{0CB76B72-1C58-3FA3-AE1E-5D4BC6C05A0C}.Debug|x64.Build.0 = Debug|x64
		{0CB76B72-1C58-3FA3-AE1E-5D4BC6C05A0C}.Release|x64.ActiveCfg = Release|x64
		{0CB76B72-1C58-3FA3-AE1E-5D4BC6C05A0C}.Release|x64.Build.0 = Release|x64
		{0CB76B72-1C58-3FA3-AE1E-5D4BC6C05A0C}.MinSizeRel|x64.ActiveCfg = MinSizeRel|x64
		{0CB76B72-1C58-3FA3-AE1E-5D4BC6C05A0C}.MinSizeRel|x64.Build.0 = MinSizeRel|x64
		{0CB76B72-1C58-3FA3-AE1E-5D4BC6C05A0C}.RelWithDebInfo|x64.ActiveCfg = RelWithDebInfo|x64
		{0CB76B72-1C58-3FA3-AE1E-5D4BC6C05A0C}.RelWithDebInfo|x64.Build.0 = RelWithDebInfo|x64
		{2D205932-B982-3F49-8516-2E131A2CDB22}.Debug|x64.ActiveCfg = Debug|x64
		{2D205932-B982-3F49-8516-2E131A2CDB22}.Debug|x64.Build.0 = Debug|x64
		{2D205932-B982-3F49-8516-2E131A2CDB22}.Release|x64.ActiveCfg = Release|x64
		{2D205932-B982-3F49-8516-2E131A2CDB22}.Release|x64.Build.0 = Release|x64
		{2D205932-B982-3F49-8516-2E131A2CDB22}.MinSizeRel|x64.ActiveCfg = MinSizeRel|x64
		{2D205932-B982-3F49-8516-2E131A2CDB22}.MinSizeRel|x64.Build.0 = MinSizeRel|x64
		{2D205932-B982-3F49-8516-2E131A2CDB22}.RelWithDebInfo|x64.ActiveCfg = RelWithDebInfo|x64
		{2D205932-B982-3F49-8516-2E131A2CDB22}.RelWithDebInfo|x64.Build.0 = RelWithDebInfo|x64
		{ED5839EB-6B35-384E-A2B7-10C336B5B553}.Debug|x64.ActiveCfg = Debug|x64
		{ED5839EB-6B35-384E-A2B7-10C336B5B553}.Debug|x64.Build.0 = Debug|x64
		{ED5839EB-6B35-384E-A2B7-10C336B5B553}.Release|x64.ActiveCfg = Release|x64
		{ED5839EB-6B35-384E-A2B7-10C336B5B553}.Release|x64.Build.0 = Release|x64
		{ED5839EB-6B35-384E-A2B7-10C336B5B553}.MinSizeRel|x64.ActiveCfg = MinSizeRel|x64
		{ED5839EB-6B35-384E-A2B7-10C336B5B553}.MinSizeRel|x64.Build.0 = MinSizeRel|x64
		{ED5839EB-6B35-384E-A2B7-10C336B5B553}.RelWithDebInfo|x64.ActiveCfg = RelWithDebInfo|x64
		{ED5839EB-6B35-384E-A2B7-10C336B5B553}.RelWithDebInfo|x64.Build.0 = RelWithDebInfo|x64
		{0AB849D9-4341-320D-81F5-7AAA5784A742}.Debug|x64.ActiveCfg = Debug|x64
		{0AB849D9-4341-320D-81F5-7AAA5784A742}.Debug|x64.Build.0 = Debug|x64
		{0AB849D9-4341-320D-81F5-7AAA5784A742}.Release|x64.ActiveCfg = Release|x64
		{0AB849D9-4341-320D-81F5-7AAA5784A742}.Release|x64.Build.0 = Release|x64
		{0AB849D9-4341-320D-81F5-7AAA5784A742}.MinSizeRel|x64.ActiveCfg = MinSizeRel|x64
		{0AB849D9-4341-320D-81F5-7AAA5784A742}.MinSizeRel|x64.Build.0 = MinSizeRel|x64
		{0AB849D9-4341-320D-81F5-7AAA5784A742}.RelWithDebInfo|x64.ActiveCfg = RelWithDebInfo|x64
		{0AB849D9-4341-320D-81F5-7AAA5784A742}.RelWithDebInfo|x64.Build.0 = RelWithDebInfo|x64
		{0F7971D4-8135-330F-BF13-C29C8A0F470D}.Debug|x64.ActiveCfg = Debug|x64
		{0F7971D4-8135-330F-BF13-C29C8A0F470D}.Debug|x64.Build.0 = Debug|x64
		{0F7971D4-8135-330F-BF13-C29C8A0F470D}.Release|x64.ActiveCfg = Release|x64
		{0F7971D4-8135-330F-BF13-C29C8A0F470D}.Release|x64.Build.0 = Release|x64
		{0F7971D4-8135-330F-BF13-C29C8A0F470D}.MinSizeRel|x64.ActiveCfg = MinSizeRel|x64
		{0F7971D4-8135-330F-BF13-C29C8A0F470D}.MinSizeRel|x64.Build.0 = MinSizeRel|x64
		{0F7971D4-8135-330F-BF13-C29C8A0F470D}.RelWithDebInfo|x64.ActiveCfg = RelWithDebInfo|x64
		{0F7971D4-8135-330F-BF13-C29C8A0F470D}.RelWithDebInfo|x64.Build.0 = RelWithDebInfo|x64
		{7A411528-0CDF-31ED-98E2-AD9F41091898}.Debug|x64.ActiveCfg = Debug|x64
		{7A411528-0CDF-31ED-98E2-AD9F41091898}.Debug|x64.Build.0 = Debug|x64
		{7A411528-0CDF-31ED-98E2-AD9F41091898}.Release|x64.ActiveCfg = Release|x64
		{7A411528-0CDF-31ED-98E2-AD9F41091898}.Release|x64.Build.0 = Release|x64
		{7A411528-0CDF-31ED-98E2-AD9F41091898}.MinSizeRel|x64.ActiveCfg = MinSizeRel|x64
		{7A411528-0CDF-31ED-98E2-AD9F41091898}.MinSizeRel|x64.Build.0 = MinSizeRel|x64
		{7A411528-0CDF-31ED-98E2-AD9F41091898}.RelWithDebInfo|x64.ActiveCfg = RelWithDebInfo|x64
		{7A411528-0CDF-31ED-98E2-AD9F41091898}.RelWithDebInfo|x64.Build.0 = RelWithDebInfo|x64
		{EF13C187-6056-3483-8885-1A6B6CC54CBA}.Debug|x64.ActiveCfg = Debug|x64
		{EF13C187-6056-3483-8885-1A6B6CC54CBA}.Debug|x64.Build.0 = Debug|x64
		{EF13C187-6056-3483-8885-1A6B6CC54CBA}.Release|x64.ActiveCfg = Release|x64
		{EF13C187-6056-3483-8885-1A6B6CC54CBA}.Release|x64.Build.0 = Release|x64
		{EF13C187-6056-3483-8885-1A6B6CC54CBA}.MinSizeRel|x64.ActiveCfg = MinSizeRel|x64
		{EF13C187-6056-3483-8885-1A6B6CC54CBA}.MinSizeRel|x64.Build.0 = MinSizeRel|x64
		{EF13C187-6056-3483-8885-1A6B6CC54CBA}.RelWithDebInfo|x64.ActiveCfg = RelWithDebInfo|x64
		{EF13C187-6056-3483-8885-1A6B6CC54CBA}.RelWithDebInfo|x64.Build.0 = RelWithDebInfo|x64
		{E796E660-3763-3E02-B7D4-9D4BD898991A}.Debug|x64.ActiveCfg = Debug|x64
		{E796E660-3763-3E02-B7D4-9D4BD898991A}.Debug|x64.Build.0 = Debug|x64
		{E796E660-3763-3E02-B7D4-9D4BD898991A}.Release|x64.ActiveCfg = Release|x64
		{E796E660-3763-3E02-B7D4-9D4BD898991A}.Release|x64.Build.0 = Release|x64
		{E796E660-3763-3E02-B7D4-9D4BD898991A}.MinSizeRel|x64.ActiveCfg = MinSizeRel|x64
		{E796E660-3763-3E02-B7D4-9D4BD898991A}.MinSizeRel|x64.Build.0 = MinSizeRel|x64
		{E796E660-3763-3E02-B7D4-9D4BD898991A}.RelWithDebInfo|x64.ActiveCfg = RelWithDebInfo|x64
		{E796E660-3763-3E02-B7D4-9D4BD898991A}.RelWithDebInfo|x64.Build.0 = RelWithDebInfo|x64
		{3172811C-9CA1-328B-B287-F9B350A536C0}.Debug|x64.ActiveCfg = Debug|x64
		{3172811C-9CA1-328B-B287-F9B350A536C0}.Debug|x64.Build.0 = Debug|x64
		{3172811C-9CA1-328B-B287-F9B350A536C0}.Release|x64.ActiveCfg = Release|x64
		{3172811C-9CA1-328B-B287-F9B350A536C0}.Release|x64.Build.0 = Release|x64
		{3172811C-9CA1-328B-B287-F9B350A536C0}.MinSizeRel|x64.ActiveCfg = MinSizeRel|x64
		{3172811C-9CA1-328B-B287-F9B350A536C0}.MinSizeRel|x64.Build.0 = MinSizeRel|x64
		{3172811C-9CA1-328B-B287-F9B350A536C0}.RelWithDebInfo|x64.ActiveCfg = RelWithDebInfo|x64
		{3172811C-9CA1-328B-B287-F9B350A536C0}.RelWithDebInfo|x64.Build.0 = RelWithDebInfo|x64
		{F8581A43-E287-3AB8-A235-562C60AD9BB8}.Debug|x64.ActiveCfg = Debug|x64
		{F8581A43-E287-3AB8-A235-562C60AD9BB8}.Debug|x64.Build.0 = Debug|x64
		{F8581A43-E287-3AB8-A235-562C60AD9BB8}.Release|x64.ActiveCfg = Release|x64
		{F8581A43-E287-3AB8-A235-562C60AD9BB8}.Release|x64.Build.0 = Release|x64
		{F8581A43-E287-3AB8-A235-562C60AD9BB8}.MinSizeRel|x64.ActiveCfg = MinSizeRel|x64
		{F8581A43-E287-3AB8-A235-562C60AD9BB8}.MinSizeRel|x64.Build.0 = MinSizeRel|x64
		{F8581A43-E287-3AB8-A235-562C60AD9BB8}.RelWithDebInfo|x64.ActiveCfg = RelWithDebInfo|x64
		{F8581A43-E287-3AB8-A235-562C60AD9BB8}.RelWithDebInfo|x64.Build.0 = RelWithDebInfo|x64
	EndGlobalSection
	GlobalSection(ExtensibilityGlobals) = postSolution
	EndGlobalSection
	GlobalSection(ExtensibilityAddIns) = postSolution
	EndGlobalSection
EndGlobal
